
Microsoft Visual Studio Solution File, Format Version 12.00
# Visual Studio Version 17
VisualStudioVersion = 17.13.35931.197 d17.13
MinimumVisualStudioVersion = 10.0.40219.1
Project("{FAE04EC0-301F-11D3-BF4B-00C04F79EFBC}") = "CountryAPI", "CountryAPI\CountryAPI.csproj", "{BD51A0E0-1EBD-4F12-8680-071D8045981F}"
EndProject
Project("{FAE04EC0-301F-11D3-BF4B-00C04F79EFBC}") = "xunit.Tests", "xunit.Tests\xunit.Tests.csproj", "{AD81D135-CA09-480A-BB27-2070470B8AF2}"
EndProject
Project("{FAE04EC0-301F-11D3-BF4B-00C04F79EFBC}") = "xunit.IntergrationTests", "xunit.IntergrationTests\xunit.IntergrationTests.csproj", "{B69EE695-264C-456C-A52A-C2B5DC5AD4D5}"
EndProject
Global
	GlobalSection(SolutionConfigurationPlatforms) = preSolution
		Debug|Any CPU = Debug|Any CPU
		Release|Any CPU = Release|Any CPU
	EndGlobalSection
	GlobalSection(ProjectConfigurationPlatforms) = postSolution
		{BD51A0E0-1EBD-4F12-8680-071D8045981F}.Debug|Any CPU.ActiveCfg = Debug|Any CPU
		{BD51A0E0-1EBD-4F12-8680-071D8045981F}.Debug|Any CPU.Build.0 = Debug|Any CPU
		{BD51A0E0-1EBD-4F12-8680-071D8045981F}.Release|Any CPU.ActiveCfg = Release|Any CPU
		{BD51A0E0-1EBD-4F12-8680-071D8045981F}.Release|Any CPU.Build.0 = Release|Any CPU
		{AD81D135-CA09-480A-BB27-2070470B8AF2}.Debug|Any CPU.ActiveCfg = Debug|Any CPU
		{AD81D135-CA09-480A-BB27-2070470B8AF2}.Debug|Any CPU.Build.0 = Debug|Any CPU
		{AD81D135-CA09-480A-BB27-2070470B8AF2}.Release|Any CPU.ActiveCfg = Release|Any CPU
		{AD81D135-CA09-480A-BB27-2070470B8AF2}.Release|Any CPU.Build.0 = Release|Any CPU
		{B69EE695-264C-456C-A52A-C2B5DC5AD4D5}.Debug|Any CPU.ActiveCfg = Debug|Any CPU
		{B69EE695-264C-456C-A52A-C2B5DC5AD4D5}.Debug|Any CPU.Build.0 = Debug|Any CPU
		{B69EE695-264C-456C-A52A-C2B5DC5AD4D5}.Release|Any CPU.ActiveCfg = Release|Any CPU
		{B69EE695-264C-456C-A52A-C2B5DC5AD4D5}.Release|Any CPU.Build.0 = Release|Any CPU
	EndGlobalSection
	GlobalSection(SolutionProperties) = preSolution
		HideSolutionNode = FALSE
	EndGlobalSection
	GlobalSection(ExtensibilityGlobals) = postSolution
		SolutionGuid = {38B5F6DF-625A-4C73-8FD7-1BADAA88DD15}
	EndGlobalSection
EndGlobal
